
Microsoft Visual Studio Solution File, Format Version 12.00
# Visual Studio Version 16
VisualStudioVersion = 16.0.31402.337
MinimumVisualStudioVersion = 10.0.40219.1
Project("{FAE04EC0-301F-11D3-BF4B-00C04F79EFBC}") = "App3.UWP", "App3\App3.UWP\App3.UWP.csproj", "{08ED341D-75F1-4A88-A563-978B717A74C8}"
EndProject
Project("{FAE04EC0-301F-11D3-BF4B-00C04F79EFBC}") = "App3.Android", "App3\App3.Android\App3.Android.csproj", "{5AC33643-81DB-4745-898A-26604E59DF49}"
EndProject
Project("{FAE04EC0-301F-11D3-BF4B-00C04F79EFBC}") = "App3.iOS", "App3\App3.iOS\App3.iOS.csproj", "{F1D32725-24AB-4094-85DA-BEF833060E9B}"
EndProject
Project("{FAE04EC0-301F-11D3-BF4B-00C04F79EFBC}") = "App3", "App3\App3\App3.csproj", "{09E8980E-3AAF-4006-8969-C39A267E7B3A}"
EndProject
Global
	GlobalSection(SolutionConfigurationPlatforms) = preSolution
		Debug|Any CPU = Debug|Any CPU
		Debug|ARM = Debug|ARM
		Debug|iPhone = Debug|iPhone
		Debug|iPhoneSimulator = Debug|iPhoneSimulator
		Debug|x64 = Debug|x64
		Debug|x86 = Debug|x86
		Release|Any CPU = Release|Any CPU
		Release|ARM = Release|ARM
		Release|iPhone = Release|iPhone
		Release|iPhoneSimulator = Release|iPhoneSimulator
		Release|x64 = Release|x64
		Release|x86 = Release|x86
	EndGlobalSection
	GlobalSection(ProjectConfigurationPlatforms) = postSolution
		{08ED341D-75F1-4A88-A563-978B717A74C8}.Debug|Any CPU.ActiveCfg = Debug|x86
		{08ED341D-75F1-4A88-A563-978B717A74C8}.Debug|Any CPU.Build.0 = Debug|x86
		{08ED341D-75F1-4A88-A563-978B717A74C8}.Debug|Any CPU.Deploy.0 = Debug|x86
		{08ED341D-75F1-4A88-A563-978B717A74C8}.Debug|ARM.ActiveCfg = Debug|ARM
		{08ED341D-75F1-4A88-A563-978B717A74C8}.Debug|ARM.Build.0 = Debug|ARM
		{08ED341D-75F1-4A88-A563-978B717A74C8}.Debug|ARM.Deploy.0 = Debug|ARM
		{08ED341D-75F1-4A88-A563-978B717A74C8}.Debug|iPhone.ActiveCfg = Debug|x86
		{08ED341D-75F1-4A88-A563-978B717A74C8}.Debug|iPhone.Build.0 = Debug|x86
		{08ED341D-75F1-4A88-A563-978B717A74C8}.Debug|iPhone.Deploy.0 = Debug|x86
		{08ED341D-75F1-4A88-A563-978B717A74C8}.Debug|iPhoneSimulator.ActiveCfg = Debug|x86
		{08ED341D-75F1-4A88-A563-978B717A74C8}.Debug|iPhoneSimulator.Build.0 = Debug|x86
		{08ED341D-75F1-4A88-A563-978B717A74C8}.Debug|iPhoneSimulator.Deploy.0 = Debug|x86
		{08ED341D-75F1-4A88-A563-978B717A74C8}.Debug|x64.ActiveCfg = Debug|x64
		{08ED341D-75F1-4A88-A563-978B717A74C8}.Debug|x64.Build.0 = Debug|x64
		{08ED341D-75F1-4A88-A563-978B717A74C8}.Debug|x64.Deploy.0 = Debug|x64
		{08ED341D-75F1-4A88-A563-978B717A74C8}.Debug|x86.ActiveCfg = Debug|x86
		{08ED341D-75F1-4A88-A563-978B717A74C8}.Debug|x86.Build.0 = Debug|x86
		{08ED341D-75F1-4A88-A563-978B717A74C8}.Debug|x86.Deploy.0 = Debug|x86
		{08ED341D-75F1-4A88-A563-978B717A74C8}.Release|Any CPU.ActiveCfg = Release|x86
		{08ED341D-75F1-4A88-A563-978B717A74C8}.Release|Any CPU.Build.0 = Release|x86
		{08ED341D-75F1-4A88-A563-978B717A74C8}.Release|Any CPU.Deploy.0 = Release|x86
		{08ED341D-75F1-4A88-A563-978B717A74C8}.Release|ARM.ActiveCfg = Release|ARM
		{08ED341D-75F1-4A88-A563-978B717A74C8}.Release|ARM.Build.0 = Release|ARM
		{08ED341D-75F1-4A88-A563-978B717A74C8}.Release|ARM.Deploy.0 = Release|ARM
		{08ED341D-75F1-4A88-A563-978B717A74C8}.Release|iPhone.ActiveCfg = Release|x86
		{08ED341D-75F1-4A88-A563-978B717A74C8}.Release|iPhone.Build.0 = Release|x86
		{08ED341D-75F1-4A88-A563-978B717A74C8}.Release|iPhone.Deploy.0 = Release|x86
		{08ED341D-75F1-4A88-A563-978B717A74C8}.Release|iPhoneSimulator.ActiveCfg = Release|x86
		{08ED341D-75F1-4A88-A563-978B717A74C8}.Release|iPhoneSimulator.Build.0 = Release|x86
		{08ED341D-75F1-4A88-A563-978B717A74C8}.Release|iPhoneSimulator.Deploy.0 = Release|x86
		{08ED341D-75F1-4A88-A563-978B717A74C8}.Release|x64.ActiveCfg = Release|x64
		{08ED341D-75F1-4A88-A563-978B717A74C8}.Release|x64.Build.0 = Release|x64
		{08ED341D-75F1-4A88-A563-978B717A74C8}.Release|x64.Deploy.0 = Release|x64
		{08ED341D-75F1-4A88-A563-978B717A74C8}.Release|x86.ActiveCfg = Release|x86
		{08ED341D-75F1-4A88-A563-978B717A74C8}.Release|x86.Build.0 = Release|x86
		{08ED341D-75F1-4A88-A563-978B717A74C8}.Release|x86.Deploy.0 = Release|x86
		{5AC33643-81DB-4745-898A-26604E59DF49}.Debug|Any CPU.ActiveCfg = Debug|Any CPU
		{5AC33643-81DB-4745-898A-26604E59DF49}.Debug|Any CPU.Build.0 = Debug|Any CPU
		{5AC33643-81DB-4745-898A-26604E59DF49}.Debug|Any CPU.Deploy.0 = Debug|Any CPU
		{5AC33643-81DB-4745-898A-26604E59DF49}.Debug|ARM.ActiveCfg = Debug|Any CPU
		{5AC33643-81DB-4745-898A-26604E59DF49}.Debug|ARM.Build.0 = Debug|Any CPU
		{5AC33643-81DB-4745-898A-26604E59DF49}.Debug|ARM.Deploy.0 = Debug|Any CPU
		{5AC33643-81DB-4745-898A-26604E59DF49}.Debug|iPhone.ActiveCfg = Debug|Any CPU
		{5AC33643-81DB-4745-898A-26604E59DF49}.Debug|iPhone.Build.0 = Debug|Any CPU
		{5AC33643-81DB-4745-898A-26604E59DF49}.Debug|iPhone.Deploy.0 = Debug|Any CPU
		{5AC33643-81DB-4745-898A-26604E59DF49}.Debug|iPhoneSimulator.ActiveCfg = Debug|Any CPU
		{5AC33643-81DB-4745-898A-26604E59DF49}.Debug|iPhoneSimulator.Build.0 = Debug|Any CPU
		{5AC33643-81DB-4745-898A-26604E59DF49}.Debug|iPhoneSimulator.Deploy.0 = Debug|Any CPU
		{5AC33643-81DB-4745-898A-26604E59DF49}.Debug|x64.ActiveCfg = Debug|Any CPU
		{5AC33643-81DB-4745-898A-26604E59DF49}.Debug|x64.Build.0 = Debug|Any CPU
		{5AC33643-81DB-4745-898A-26604E59DF49}.Debug|x64.Deploy.0 = Debug|Any CPU
		{5AC33643-81DB-4745-898A-26604E59DF49}.Debug|x86.ActiveCfg = Debug|Any CPU
		{5AC33643-81DB-4745-898A-26604E59DF49}.Debug|x86.Build.0 = Debug|Any CPU
		{5AC33643-81DB-4745-898A-26604E59DF49}.Debug|x86.Deploy.0 = Debug|Any CPU
		{5AC33643-81DB-4745-898A-26604E59DF49}.Release|Any CPU.ActiveCfg = Release|Any CPU
		{5AC33643-81DB-4745-898A-26604E59DF49}.Release|Any CPU.Build.0 = Release|Any CPU
		{5AC33643-81DB-4745-898A-26604E59DF49}.Release|Any CPU.Deploy.0 = Release|Any CPU
		{5AC33643-81DB-4745-898A-26604E59DF49}.Release|ARM.ActiveCfg = Release|Any CPU
		{5AC33643-81DB-4745-898A-26604E59DF49}.Release|ARM.Build.0 = Release|Any CPU
		{5AC33643-81DB-4745-898A-26604E59DF49}.Release|ARM.Deploy.0 = Release|Any CPU
		{5AC33643-81DB-4745-898A-26604E59DF49}.Release|iPhone.ActiveCfg = Release|Any CPU
		{5AC33643-81DB-4745-898A-26604E59DF49}.Release|iPhone.Build.0 = Release|Any CPU
		{5AC33643-81DB-4745-898A-26604E59DF49}.Release|iPhone.Deploy.0 = Release|Any CPU
		{5AC33643-81DB-4745-898A-26604E59DF49}.Release|iPhoneSimulator.ActiveCfg = Release|Any CPU
		{5AC33643-81DB-4745-898A-26604E59DF49}.Release|iPhoneSimulator.Build.0 = Release|Any CPU
		{5AC33643-81DB-4745-898A-26604E59DF49}.Release|iPhoneSimulator.Deploy.0 = Release|Any CPU
		{5AC33643-81DB-4745-898A-26604E59DF49}.Release|x64.ActiveCfg = Release|Any CPU
		{5AC33643-81DB-4745-898A-26604E59DF49}.Release|x64.Build.0 = Release|Any CPU
		{5AC33643-81DB-4745-898A-26604E59DF49}.Release|x64.Deploy.0 = Release|Any CPU
		{5AC33643-81DB-4745-898A-26604E59DF49}.Release|x86.ActiveCfg = Release|Any CPU
		{5AC33643-81DB-4745-898A-26604E59DF49}.Release|x86.Build.0 = Release|Any CPU
		{5AC33643-81DB-4745-898A-26604E59DF49}.Release|x86.Deploy.0 = Release|Any CPU
		{F1D32725-24AB-4094-85DA-BEF833060E9B}.Debug|Any CPU.ActiveCfg = Debug|iPhoneSimulator
		{F1D32725-24AB-4094-85DA-BEF833060E9B}.Debug|Any CPU.Build.0 = Debug|iPhoneSimulator
		{F1D32725-24AB-4094-85DA-BEF833060E9B}.Debug|Any CPU.Deploy.0 = Debug|iPhoneSimulator
		{F1D32725-24AB-4094-85DA-BEF833060E9B}.Debug|ARM.ActiveCfg = Debug|iPhone
		{F1D32725-24AB-4094-85DA-BEF833060E9B}.Debug|ARM.Build.0 = Debug|iPhone
		{F1D32725-24AB-4094-85DA-BEF833060E9B}.Debug|ARM.Deploy.0 = Debug|iPhone
		{F1D32725-24AB-4094-85DA-BEF833060E9B}.Debug|iPhone.ActiveCfg = Debug|iPhone
		{F1D32725-24AB-4094-85DA-BEF833060E9B}.Debug|iPhone.Build.0 = Debug|iPhone
		{F1D32725-24AB-4094-85DA-BEF833060E9B}.Debug|iPhone.Deploy.0 = Debug|iPhone
		{F1D32725-24AB-4094-85DA-BEF833060E9B}.Debug|iPhoneSimulator.ActiveCfg = Debug|iPhoneSimulator
		{F1D32725-24AB-4094-85DA-BEF833060E9B}.Debug|iPhoneSimulator.Build.0 = Debug|iPhoneSimulator
		{F1D32725-24AB-4094-85DA-BEF833060E9B}.Debug|iPhoneSimulator.Deploy.0 = Debug|iPhoneSimulator
		{F1D32725-24AB-4094-85DA-BEF833060E9B}.Debug|x64.ActiveCfg = Debug|iPhoneSimulator
		{F1D32725-24AB-4094-85DA-BEF833060E9B}.Debug|x64.Build.0 = Debug|iPhoneSimulator
		{F1D32725-24AB-4094-85DA-BEF833060E9B}.Debug|x64.Deploy.0 = Debug|iPhoneSimulator
		{F1D32725-24AB-4094-85DA-BEF833060E9B}.Debug|x86.ActiveCfg = Debug|iPhoneSimulator
		{F1D32725-24AB-4094-85DA-BEF833060E9B}.Debug|x86.Build.0 = Debug|iPhoneSimulator
		{F1D32725-24AB-4094-85DA-BEF833060E9B}.Debug|x86.Deploy.0 = Debug|iPhoneSimulator
		{F1D32725-24AB-4094-85DA-BEF833060E9B}.Release|Any CPU.ActiveCfg = Release|iPhoneSimulator
		{F1D32725-24AB-4094-85DA-BEF833060E9B}.Release|Any CPU.Build.0 = Release|iPhoneSimulator
		{F1D32725-24AB-4094-85DA-BEF833060E9B}.Release|Any CPU.Deploy.0 = Release|iPhoneSimulator
		{F1D32725-24AB-4094-85DA-BEF833060E9B}.Release|ARM.ActiveCfg = Release|iPhoneSimulator
		{F1D32725-24AB-4094-85DA-BEF833060E9B}.Release|ARM.Build.0 = Release|iPhoneSimulator
		{F1D32725-24AB-4094-85DA-BEF833060E9B}.Release|ARM.Deploy.0 = Release|iPhoneSimulator
		{F1D32725-24AB-4094-85DA-BEF833060E9B}.Release|iPhone.ActiveCfg = Release|iPhone
		{F1D32725-24AB-4094-85DA-BEF833060E9B}.Release|iPhone.Build.0 = Release|iPhone
		{F1D32725-24AB-4094-85DA-BEF833060E9B}.Release|iPhone.Deploy.0 = Release|iPhone
		{F1D32725-24AB-4094-85DA-BEF833060E9B}.Release|iPhoneSimulator.ActiveCfg = Release|iPhoneSimulator
		{F1D32725-24AB-4094-85DA-BEF833060E9B}.Release|iPhoneSimulator.Build.0 = Release|iPhoneSimulator
		{F1D32725-24AB-4094-85DA-BEF833060E9B}.Release|iPhoneSimulator.Deploy.0 = Release|iPhoneSimulator
		{F1D32725-24AB-4094-85DA-BEF833060E9B}.Release|x64.ActiveCfg = Release|iPhoneSimulator
		{F1D32725-24AB-4094-85DA-BEF833060E9B}.Release|x64.Build.0 = Release|iPhoneSimulator
		{F1D32725-24AB-4094-85DA-BEF833060E9B}.Release|x64.Deploy.0 = Release|iPhoneSimulator
		{F1D32725-24AB-4094-85DA-BEF833060E9B}.Release|x86.ActiveCfg = Release|iPhoneSimulator
		{F1D32725-24AB-4094-85DA-BEF833060E9B}.Release|x86.Build.0 = Release|iPhoneSimulator
		{F1D32725-24AB-4094-85DA-BEF833060E9B}.Release|x86.Deploy.0 = Release|iPhoneSimulator
		{09E8980E-3AAF-4006-8969-C39A267E7B3A}.Debug|Any CPU.ActiveCfg = Debug|Any CPU
		{09E8980E-3AAF-4006-8969-C39A267E7B3A}.Debug|Any CPU.Build.0 = Debug|Any CPU
		{09E8980E-3AAF-4006-8969-C39A267E7B3A}.Debug|Any CPU.Deploy.0 = Debug|Any CPU
		{09E8980E-3AAF-4006-8969-C39A267E7B3A}.Debug|ARM.ActiveCfg = Debug|Any CPU
		{09E8980E-3AAF-4006-8969-C39A267E7B3A}.Debug|ARM.Build.0 = Debug|Any CPU
		{09E8980E-3AAF-4006-8969-C39A267E7B3A}.Debug|ARM.Deploy.0 = Debug|Any CPU
		{09E8980E-3AAF-4006-8969-C39A267E7B3A}.Debug|iPhone.ActiveCfg = Debug|Any CPU
		{09E8980E-3AAF-4006-8969-C39A267E7B3A}.Debug|iPhone.Build.0 = Debug|Any CPU
		{09E8980E-3AAF-4006-8969-C39A267E7B3A}.Debug|iPhone.Deploy.0 = Debug|Any CPU
		{09E8980E-3AAF-4006-8969-C39A267E7B3A}.Debug|iPhoneSimulator.ActiveCfg = Debug|Any CPU
		{09E8980E-3AAF-4006-8969-C39A267E7B3A}.Debug|iPhoneSimulator.Build.0 = Debug|Any CPU
		{09E8980E-3AAF-4006-8969-C39A267E7B3A}.Debug|iPhoneSimulator.Deploy.0 = Debug|Any CPU
		{09E8980E-3AAF-4006-8969-C39A267E7B3A}.Debug|x64.ActiveCfg = Debug|Any CPU
		{09E8980E-3AAF-4006-8969-C39A267E7B3A}.Debug|x64.Build.0 = Debug|Any CPU
		{09E8980E-3AAF-4006-8969-C39A267E7B3A}.Debug|x64.Deploy.0 = Debug|Any CPU
		{09E8980E-3AAF-4006-8969-C39A267E7B3A}.Debug|x86.ActiveCfg = Debug|Any CPU
		{09E8980E-3AAF-4006-8969-C39A267E7B3A}.Debug|x86.Build.0 = Debug|Any CPU
		{09E8980E-3AAF-4006-8969-C39A267E7B3A}.Debug|x86.Deploy.0 = Debug|Any CPU
		{09E8980E-3AAF-4006-8969-C39A267E7B3A}.Release|Any CPU.ActiveCfg = Release|Any CPU
		{09E8980E-3AAF-4006-8969-C39A267E7B3A}.Release|Any CPU.Build.0 = Release|Any CPU
		{09E8980E-3AAF-4006-8969-C39A267E7B3A}.Release|Any CPU.Deploy.0 = Release|Any CPU
		{09E8980E-3AAF-4006-8969-C39A267E7B3A}.Release|ARM.ActiveCfg = Release|Any CPU
		{09E8980E-3AAF-4006-8969-C39A267E7B3A}.Release|ARM.Build.0 = Release|Any CPU
		{09E8980E-3AAF-4006-8969-C39A267E7B3A}.Release|ARM.Deploy.0 = Release|Any CPU
		{09E8980E-3AAF-4006-8969-C39A267E7B3A}.Release|iPhone.ActiveCfg = Release|Any CPU
		{09E8980E-3AAF-4006-8969-C39A267E7B3A}.Release|iPhone.Build.0 = Release|Any CPU
		{09E8980E-3AAF-4006-8969-C39A267E7B3A}.Release|iPhone.Deploy.0 = Release|Any CPU
		{09E8980E-3AAF-4006-8969-C39A267E7B3A}.Release|iPhoneSimulator.ActiveCfg = Release|Any CPU
		{09E8980E-3AAF-4006-8969-C39A267E7B3A}.Release|iPhoneSimulator.Build.0 = Release|Any CPU
		{09E8980E-3AAF-4006-8969-C39A267E7B3A}.Release|iPhoneSimulator.Deploy.0 = Release|Any CPU
		{09E8980E-3AAF-4006-8969-C39A267E7B3A}.Release|x64.ActiveCfg = Release|Any CPU
		{09E8980E-3AAF-4006-8969-C39A267E7B3A}.Release|x64.Build.0 = Release|Any CPU
		{09E8980E-3AAF-4006-8969-C39A267E7B3A}.Release|x64.Deploy.0 = Release|Any CPU
		{09E8980E-3AAF-4006-8969-C39A267E7B3A}.Release|x86.ActiveCfg = Release|Any CPU
		{09E8980E-3AAF-4006-8969-C39A267E7B3A}.Release|x86.Build.0 = Release|Any CPU
		{09E8980E-3AAF-4006-8969-C39A267E7B3A}.Release|x86.Deploy.0 = Release|Any CPU
	EndGlobalSection
	GlobalSection(SolutionProperties) = preSolution
		HideSolutionNode = FALSE
	EndGlobalSection
	GlobalSection(ExtensibilityGlobals) = postSolution
		SolutionGuid = {E2D9979C-F436-4591-A891-70D9F3869606}
	EndGlobalSection
EndGlobal
